
Microsoft Visual Studio Solution File, Format Version 12.00
# Visual Studio 15
VisualStudioVersion = 15.0.28307.902
MinimumVisualStudioVersion = 10.0.40219.1
Project("{FAE04EC0-301F-11D3-BF4B-00C04F79EFBC}") = "devexpress", "devexpress\devexpress.csproj", "{D384F589-D40F-4E00-89BB-0834640B1E21}"
EndProject
Global
	GlobalSection(SolutionConfigurationPlatforms) = preSolution
		Debug|Any CPU = Debug|Any CPU
		Release|Any CPU = Release|Any CPU
	EndGlobalSection
	GlobalSection(ProjectConfigurationPlatforms) = postSolution
		{D384F589-D40F-4E00-89BB-0834640B1E21}.Debug|Any CPU.ActiveCfg = Debug|Any CPU
		{D384F589-D40F-4E00-89BB-0834640B1E21}.Debug|Any CPU.Build.0 = Debug|Any CPU
		{D384F589-D40F-4E00-89BB-0834640B1E21}.Release|Any CPU.ActiveCfg = Release|Any CPU
		{D384F589-D40F-4E00-89BB-0834640B1E21}.Release|Any CPU.Build.0 = Release|Any CPU
	EndGlobalSection
	GlobalSection(SolutionProperties) = preSolution
		HideSolutionNode = FALSE
	EndGlobalSection
	GlobalSection(ExtensibilityGlobals) = postSolution
		SolutionGuid = {0A42EF2E-C7CA-4D20-ACB4-12ECEEF2A55B}
	EndGlobalSection
EndGlobal
